// !$*UTF8*$!
{
	archiveVersion = 1;
	classes = {
	};
	objectVersion = 46;
	objects = {

/* Begin PBXBuildFile section */
		FEB8E43C1CF7592200B7DF35 /* AppDelegate.swift in Sources */ = {isa = PBXBuildFile; fileRef = FEB8E43B1CF7592200B7DF35 /* AppDelegate.swift */; };
		FEB8E43E1CF7592200B7DF35 /* ViewController.swift in Sources */ = {isa = PBXBuildFile; fileRef = FEB8E43D1CF7592200B7DF35 /* ViewController.swift */; };
		FEB8E4411CF7592200B7DF35 /* Main.storyboard in Resources */ = {isa = PBXBuildFile; fileRef = FEB8E43F1CF7592200B7DF35 /* Main.storyboard */; };
		FEB8E4431CF7592200B7DF35 /* Assets.xcassets in Resources */ = {isa = PBXBuildFile; fileRef = FEB8E4421CF7592200B7DF35 /* Assets.xcassets */; };
		FEB8E4461CF7592200B7DF35 /* LaunchScreen.storyboard in Resources */ = {isa = PBXBuildFile; fileRef = FEB8E4441CF7592200B7DF35 /* LaunchScreen.storyboard */; };
/* End PBXBuildFile section */

/* Begin PBXFileReference section */
		FEB8E4381CF7592200B7DF35 /* Project_28.app */ = {isa = PBXFileReference; explicitFileType = wrapper.application; includeInIndex = 0; path = Project_28.app; sourceTree = BUILT_PRODUCTS_DIR; };
		FEB8E43B1CF7592200B7DF35 /* AppDelegate.swift */ = {isa = PBXFileReference; lastKnownFileType = sourcecode.swift; path = AppDelegate.swift; sourceTree = "<group>"; };
		FEB8E43D1CF7592200B7DF35 /* ViewController.swift */ = {isa = PBXFileReference; lastKnownFileType = sourcecode.swift; path = ViewController.swift; sourceTree = "<group>"; };
		FEB8E4401CF7592200B7DF35 /* Base */ = {isa = PBXFileReference; lastKnownFileType = file.storyboard; name = Base; path = Base.lproj/Main.storyboard; sourceTree = "<group>"; };
		FEB8E4421CF7592200B7DF35 /* Assets.xcassets */ = {isa = PBXFileReference; lastKnownFileType = folder.assetcatalog; path = Assets.xcassets; sourceTree = "<group>"; };
		FEB8E4451CF7592200B7DF35 /* Base */ = {isa = PBXFileReference; lastKnownFileType = file.storyboard; name = Base; path = Base.lproj/LaunchScreen.storyboard; sourceTree = "<group>"; };
		FEB8E4471CF7592200B7DF35 /* Info.plist */ = {isa = PBXFileReference; lastKnownFileType = text.plist.xml; path = Info.plist; sourceTree = "<group>"; };
/* End PBXFileReference section */

/* Begin PBXFrameworksBuildPhase section */
		FEB8E4351CF7592200B7DF35 /* Frameworks */ = {
			isa = PBXFrameworksBuildPhase;
			buildActionMask = 2147483647;
			files = (
			);
			runOnlyForDeploymentPostprocessing = 0;
		};
/* End PBXFrameworksBuildPhase section */

/* Begin PBXGroup section */
		FEB8E42F1CF7592200B7DF35 = {
			isa = PBXGroup;
			children = (
				FEB8E43A1CF7592200B7DF35 /* Project_28 */,
				FEB8E4391CF7592200B7DF35 /* Products */,
			);
			sourceTree = "<group>";
		};
		FEB8E4391CF7592200B7DF35 /* Products */ = {
			isa = PBXGroup;
			children = (
				FEB8E4381CF7592200B7DF35 /* Project_28.app */,
			);
			name = Products;
			sourceTree = "<group>";
		};
		FEB8E43A1CF7592200B7DF35 /* Project_28 */ = {
			isa = PBXGroup;
			children = (
				FEB8E43B1CF7592200B7DF35 /* AppDelegate.swift */,
				FEB8E43D1CF7592200B7DF35 /* ViewController.swift */,
				FEB8E43F1CF7592200B7DF35 /* Main.storyboard */,
				FEB8E4421CF7592200B7DF35 /* Assets.xcassets */,
				FEB8E4441CF7592200B7DF35 /* LaunchScreen.storyboard */,
				FEB8E4471CF7592200B7DF35 /* Info.plist */,
			);
			path = Project_28;
			sourceTree = "<group>";
		};
/* End PBXGroup section */

/* Begin PBXNativeTarget section */
		FEB8E4371CF7592200B7DF35 /* Project_28 */ = {
			isa = PBXNativeTarget;
			buildConfigurationList = FEB8E44A1CF7592200B7DF35 /* Build configuration list for PBXNativeTarget "Project_28" */;
			buildPhases = (
				FEB8E4341CF7592200B7DF35 /* Sources */,
				FEB8E4351CF7592200B7DF35 /* Frameworks */,
				FEB8E4361CF7592200B7DF35 /* Resources */,
			);
			buildRules = (
			);
			dependencies = (
			);
			name = Project_28;
			productName = Project_28;
			productReference = FEB8E4381CF7592200B7DF35 /* Project_28.app */;
			productType = "com.apple.product-type.application";
		};
/* End PBXNativeTarget section */

/* Begin PBXProject section */
		FEB8E4301CF7592200B7DF35 /* Project object */ = {
			isa = PBXProject;
			attributes = {
				LastSwiftUpdateCheck = 0730;
				LastUpgradeCheck = 0730;
				ORGANIZATIONNAME = "Tendai Prince Dzonga";
				TargetAttributes = {
					FEB8E4371CF7592200B7DF35 = {
						CreatedOnToolsVersion = 7.3;
					};
				};
			};
			buildConfigurationList = FEB8E4331CF7592200B7DF35 /* Build configuration list for PBXProject "Project_28" */;
			compatibilityVersion = "Xcode 3.2";
			developmentRegion = English;
			hasScannedForEncodings = 0;
			knownRegions = (
				en,
				Base,
			);
			mainGroup = FEB8E42F1CF7592200B7DF35;
			productRefGroup = FEB8E4391CF7592200B7DF35 /* Products */;
			projectDirPath = "";
			projectRoot = "";
			targets = (
				FEB8E4371CF7592200B7DF35 /* Project_28 */,
			);
		};
/* End PBXProject section */

/* Begin PBXResourcesBuildPhase section */
		FEB8E4361CF7592200B7DF35 /* Resources */ = {
			isa = PBXResourcesBuildPhase;
			buildActionMask = 2147483647;
			files = (
				FEB8E4461CF7592200B7DF35 /* LaunchScreen.storyboard in Resources */,
				FEB8E4431CF7592200B7DF35 /* Assets.xcassets in Resources */,
				FEB8E4411CF7592200B7DF35 /* Main.storyboard in Resources */,
			);
			runOnlyForDeploymentPostprocessing = 0;
		};
/* End PBXResourcesBuildPhase section */

/* Begin PBXSourcesBuildPhase section */
		FEB8E4341CF7592200B7DF35 /* Sources */ = {
			isa = PBXSourcesBuildPhase;
			buildActionMask = 2147483647;
			files = (
				FEB8E43E1CF7592200B7DF35 /* ViewController.swift in Sources */,
				FEB8E43C1CF7592200B7DF35 /* AppDelegate.swift in Sources */,
			);
			runOnlyForDeploymentPostprocessing = 0;
		};
/* End PBXSourcesBuildPhase section */

/* Begin PBXVariantGroup section */
		FEB8E43F1CF7592200B7DF35 /* Main.storyboard */ = {
			isa = PBXVariantGroup;
			children = (
				FEB8E4401CF7592200B7DF35 /* Base */,
			);
			name = Main.storyboard;
			sourceTree = "<group>";
		};
		FEB8E4441CF7592200B7DF35 /* LaunchScreen.storyboard */ = {
			isa = PBXVariantGroup;
			children = (
				FEB8E4451CF7592200B7DF35 /* Base */,
			);
			name = LaunchScreen.storyboard;
			sourceTree = "<group>";
		};
/* End PBXVariantGroup section */

/* Begin XCBuildConfiguration section */
		FEB8E4481CF7592200B7DF35 /* Debug */ = {
			isa = XCBuildConfiguration;
			buildSettings = {
				ALWAYS_SEARCH_USER_PATHS = NO;
				CLANG_ANALYZER_NONNULL = YES;
				CLANG_CXX_LANGUAGE_STANDARD = "gnu++0x";
				CLANG_CXX_LIBRARY = "libc++";
				CLANG_ENABLE_MODULES = YES;
				CLANG_ENABLE_OBJC_ARC = YES;
				CLANG_WARN_BOOL_CONVERSION = YES;
				CLANG_WARN_CONSTANT_CONVERSION = YES;
				CLANG_WARN_DIRECT_OBJC_ISA_USAGE = YES_ERROR;
				CLANG_WARN_EMPTY_BODY = YES;
				CLANG_WARN_ENUM_CONVERSION = YES;
				CLANG_WARN_INT_CONVERSION = YES;
				CLANG_WARN_OBJC_ROOT_CLASS = YES_ERROR;
				CLANG_WARN_UNREACHABLE_CODE = YES;
				CLANG_WARN__DUPLICATE_METHOD_MATCH = YES;
				"CODE_SIGN_IDENTITY[sdk=iphoneos*]" = "iPhone Developer";
				COPY_PHASE_STRIP = NO;
				DEBUG_INFORMATION_FORMAT = dwarf;
				ENABLE_STRICT_OBJC_MSGSEND = YES;
				ENABLE_TESTABILITY = YES;
				GCC_C_LANGUAGE_STANDARD = gnu99;
				GCC_DYNAMIC_NO_PIC = NO;
				GCC_NO_COMMON_BLOCKS = YES;
				GCC_OPTIMIZATION_LEVEL = 0;
				GCC_PREPROCESSOR_DEFINITIONS = (
					"DEBUG=1",
					"$(inherited)",
				);
				GCC_WARN_64_TO_32_BIT_CONVERSION = YES;
				GCC_WARN_ABOUT_RETURN_TYPE = YES_ERROR;
				GCC_WARN_UNDECLARED_SELECTOR = YES;
				GCC_WARN_UNINITIALIZED_AUTOS = YES_AGGRESSIVE;
				GCC_WARN_UNUSED_FUNCTION = YES;
				GCC_WARN_UNUSED_VARIABLE = YES;
				IPHONEOS_DEPLOYMENT_TARGET = 9.3;
				MTL_ENABLE_DEBUG_INFO = YES;
				ONLY_ACTIVE_ARCH = YES;
				SDKROOT = iphoneos;
				SWIFT_OPTIMIZATION_LEVEL = "-Onone";
			};
			name = Debug;
		};
		FEB8E4491CF7592200B7DF35 /* Release */ = {
			isa = XCBuildConfiguration;
			buildSettings = {
				ALWAYS_SEARCH_USER_PATHS = NO;
				CLANG_ANALYZER_NONNULL = YES;
				CLANG_CXX_LANGUAGE_STANDARD = "gnu++0x";
				CLANG_CXX_LIBRARY = "libc++";
				CLANG_ENABLE_MODULES = YES;
				CLANG_ENABLE_OBJC_ARC = YES;
				CLANG_WARN_BOOL_CONVERSION = YES;
				CLANG_WARN_CONSTANT_CONVERSION = YES;
				CLANG_WARN_DIRECT_OBJC_ISA_USAGE = YES_ERROR;
				CLANG_WARN_EMPTY_BODY = YES;
				CLANG_WARN_ENUM_CONVERSION = YES;
				CLANG_WARN_INT_CONVERSION = YES;
				CLANG_WARN_OBJC_ROOT_CLASS = YES_ERROR;
				CLANG_WARN_UNREACHABLE_CODE = YES;
				CLANG_WARN__DUPLICATE_METHOD_MATCH = YES;
				"CODE_SIGN_IDENTITY[sdk=iphoneos*]" = "iPhone Developer";
				COPY_PHASE_STRIP = NO;
				DEBUG_INFORMATION_FORMAT = "dwarf-with-dsym";
				ENABLE_NS_ASSERTIONS = NO;
				ENABLE_STRICT_OBJC_MSGSEND = YES;
				GCC_C_LANGUAGE_STANDARD = gnu99;
				GCC_NO_COMMON_BLOCKS = YES;
				GCC_WARN_64_TO_32_BIT_CONVERSION = YES;
				GCC_WARN_ABOUT_RETURN_TYPE = YES_ERROR;
				GCC_WARN_UNDECLARED_SELECTOR = YES;
				GCC_WARN_UNINITIALIZED_AUTOS = YES_AGGRESSIVE;
				GCC_WARN_UNUSED_FUNCTION = YES;
				GCC_WARN_UNUSED_VARIABLE = YES;
				IPHONEOS_DEPLOYMENT_TARGET = 9.3;
				MTL_ENABLE_DEBUG_INFO = NO;
				SDKROOT = iphoneos;
				VALIDATE_PRODUCT = YES;
			};
			name = Release;
		};
		FEB8E44B1CF7592200B7DF35 /* Debug */ = {
			isa = XCBuildConfiguration;
			buildSettings = {
				ASSETCATALOG_COMPILER_APPICON_NAME = AppIcon;
				INFOPLIST_FILE = Project_28/Info.plist;
				LD_RUNPATH_SEARCH_PATHS = "$(inherited) @executable_path/Frameworks";
				PRODUCT_BUNDLE_IDENTIFIER = "Dzonga-Prince.hackingWithSwift.Project-28";
				PRODUCT_NAME = "$(TARGET_NAME)";
			};
			name = Debug;
		};
		FEB8E44C1CF7592200B7DF35 /* Release */ = {
			isa = XCBuildConfiguration;
			buildSettings = {
				ASSETCATALOG_COMPILER_APPICON_NAME = AppIcon;
				INFOPLIST_FILE = Project_28/Info.plist;
				LD_RUNPATH_SEARCH_PATHS = "$(inherited) @executable_path/Frameworks";
				PRODUCT_BUNDLE_IDENTIFIER = "Dzonga-Prince.hackingWithSwift.Project-28";
				PRODUCT_NAME = "$(TARGET_NAME)";
			};
			name = Release;
		};
/* End XCBuildConfiguration section */

/* Begin XCConfigurationList section */
		FEB8E4331CF7592200B7DF35 /* Build configuration list for PBXProject "Project_28" */ = {
			isa = XCConfigurationList;
			buildConfigurations = (
				FEB8E4481CF7592200B7DF35 /* Debug */,
				FEB8E4491CF7592200B7DF35 /* Release */,
			);
			defaultConfigurationIsVisible = 0;
			defaultConfigurationName = Release;
		};
		FEB8E44A1CF7592200B7DF35 /* Build configuration list for PBXNativeTarget "Project_28" */ = {
			isa = XCConfigurationList;
			buildConfigurations = (
				FEB8E44B1CF7592200B7DF35 /* Debug */,
				FEB8E44C1CF7592200B7DF35 /* Release */,
			);
			defaultConfigurationIsVisible = 0;
		};
/* End XCConfigurationList section */
	};
	rootObject = FEB8E4301CF7592200B7DF35 /* Project object */;
}
